# THIS IS AN AUTOGENERATED FILE. DO NOT EDIT THIS FILE DIRECTLY.
# yarn lockfile v1


foundation-sites@^6.5.0-rc.3:
  version "6.5.0-rc.3"
  resolved "https://registry.yarnpkg.com/foundation-sites/-/foundation-sites-6.5.0-rc.3.tgz#62407719477642713307d0af81a9beae97723cc8"
  integrity sha512-EAGLPdPTE2N0WwXaNdF0rL7Z8cj1rp0PA6ifCM0MrtqdDYwlyLv8eU7fJfd0YapdP/w8w7GkAtb6hTqk1tK0AQ==

"scss-goodies@https://github.com/stefanolaru/scss-goodies":
  version "0.0.0"
  resolved "https://github.com/stefanolaru/scss-goodies#47eed93846f39dbcebe1ad22d0db786f0b587a76"
